{
  "name": "node-opfs",
  "version": "1.2.0",
  "lockfileVersion": 3,
  "requires": true,
  "packages": {
    "": {
      "name": "node-opfs",
      "version": "1.2.0",
      "license": "MIT",
      "dependencies": {
        "fs-ext": "^2.1.1"
      },
      "devDependencies": {
        "@types/fs-ext": "^2.0.3",
        "@types/node": "^20.10.0",
        "typescript": "^5.3.0"
      },
      "engines": {
        "node": ">=18.15.0"
      }
    },
    "node_modules/@types/fs-ext": {
      "version": "2.0.3",
      "resolved": "https://registry.npmjs.org/@types/fs-ext/-/fs-ext-2.0.3.tgz",
      "integrity": "sha512-0j2F+laosJF2NTd2DVheQ5GvXo8ln9L175VwLPfbsppE33iYC+6gn6XlOQS0pGvZm2yrQ32/LRZh0As/7rCs2Q==",
      "dev": true,
      "license": "MIT",
      "dependencies": {
        "@types/node": "*"
      }
    },
    "node_modules/@types/node": {
      "version": "20.19.27",
      "resolved": "https://registry.npmjs.org/@types/node/-/node-20.19.27.tgz",
      "integrity": "sha512-N2clP5pJhB2YnZJ3PIHFk5RkygRX5WO/5f0WC08tp0wd+sv0rsJk3MqWn3CbNmT2J505a5336jaQj4ph1AdMug==",
      "dev": true,
      "license": "MIT",
      "dependencies": {
        "undici-types": "~6.21.0"
      }
    },
    "node_modules/fs-ext": {
      "version": "2.1.1",
      "resolved": "https://registry.npmjs.org/fs-ext/-/fs-ext-2.1.1.tgz",
      "integrity": "sha512-/TrISPOFhCkbgIRWK9lzscRzwPCu0PqtCcvMc9jsHKBgZGoqA0VzhspVht5Zu8lxaXjIYIBWILHpRotYkCCcQA==",
      "hasInstallScript": true,
      "dependencies": {
        "nan": "^2.21.0"
      },
      "engines": {
        "node": ">= 8.0.0"
      }
    },
    "node_modules/nan": {
      "version": "2.28.0",
      "resolved": "https://registry.npmjs.org/nan/-/nan-2.28.0.tgz",
      "integrity": "sha512-fTsDz99OTq2sVePhGdp4qQhggZFtKr64ZNVyVajRKtMOkJxYekplBh577PiJB12v/D3s2E5cGtOI45LWp6rnLQ==",
      "license": "MIT"
    },
    "node_modules/typescript": {
      "version": "5.9.3",
      "resolved": "https://registry.npmjs.org/typescript/-/typescript-5.9.3.tgz",
      "integrity": "sha512-jl1vZzPDinLr9eUt3J/t7V6FgNEw9QjvBPdysz9KfQDD41fQrC2Y4vKQdiaUpFT4bXlb1RHhLpp8wtm6M5TgSw==",
      "dev": true,
      "license": "Apache-2.0",
      "bin": {
        "tsc": "bin/tsc",
        "tsserver": "bin/tsserver"
      },
      "engines": {
        "node": ">=14.17"
      }
    },
    "node_modules/undici-types": {
      "version": "6.21.0",
      "resolved": "https://registry.npmjs.org/undici-types/-/undici-types-6.21.0.tgz",
      "integrity": "sha512-iwDZqg0QAGrg9Rav5H4n0M64c3mkR59cJ6wQp+7C4nI0gsmExaedaYLNO44eT4AtBBwjbTiGPMlt2Md0T9H9JQ==",
      "dev": true,
      "license": "MIT"
    }
  }
}
